// !$*UTF8*$!
{
	archiveVersion = 1;
	classes = {
	};
	objectVersion = 48;
	objects = {

/* Begin PBXBuildFile section */
		2904EEF61F55CD2000C7BB2E /* AppDelegate.swift in Sources */ = {isa = PBXBuildFile; fileRef = 2904EEF51F55CD2000C7BB2E /* AppDelegate.swift */; };
		2904EEF81F55CD2000C7BB2E /* ViewController.swift in Sources */ = {isa = PBXBuildFile; fileRef = 2904EEF71F55CD2000C7BB2E /* ViewController.swift */; };
		2904EEFB1F55CD2000C7BB2E /* Main.storyboard in Resources */ = {isa = PBXBuildFile; fileRef = 2904EEF91F55CD2000C7BB2E /* Main.storyboard */; };
		2904EEFD1F55CD2000C7BB2E /* Assets.xcassets in Resources */ = {isa = PBXBuildFile; fileRef = 2904EEFC1F55CD2000C7BB2E /* Assets.xcassets */; };
		2904EF001F55CD2000C7BB2E /* LaunchScreen.storyboard in Resources */ = {isa = PBXBuildFile; fileRef = 2904EEFE1F55CD2000C7BB2E /* LaunchScreen.storyboard */; };
/* End PBXBuildFile section */

/* Begin PBXFileReference section */
		2904EEF21F55CD2000C7BB2E /* CA Layer App.app */ = {isa = PBXFileReference; explicitFileType = wrapper.application; includeInIndex = 0; path = "CA Layer App.app"; sourceTree = BUILT_PRODUCTS_DIR; };
		2904EEF51F55CD2000C7BB2E /* AppDelegate.swift */ = {isa = PBXFileReference; lastKnownFileType = sourcecode.swift; path = AppDelegate.swift; sourceTree = "<group>"; };
		2904EEF71F55CD2000C7BB2E /* ViewController.swift */ = {isa = PBXFileReference; lastKnownFileType = sourcecode.swift; path = ViewController.swift; sourceTree = "<group>"; };
		2904EEFA1F55CD2000C7BB2E /* Base */ = {isa = PBXFileReference; lastKnownFileType = file.storyboard; name = Base; path = Base.lproj/Main.storyboard; sourceTree = "<group>"; };
		2904EEFC1F55CD2000C7BB2E /* Assets.xcassets */ = {isa = PBXFileReference; lastKnownFileType = folder.assetcatalog; path = Assets.xcassets; sourceTree = "<group>"; };
		2904EEFF1F55CD2000C7BB2E /* Base */ = {isa = PBXFileReference; lastKnownFileType = file.storyboard; name = Base; path = Base.lproj/LaunchScreen.storyboard; sourceTree = "<group>"; };
		2904EF011F55CD2000C7BB2E /* Info.plist */ = {isa = PBXFileReference; lastKnownFileType = text.plist.xml; path = Info.plist; sourceTree = "<group>"; };
/* End PBXFileReference section */

/* Begin PBXFrameworksBuildPhase section */
		2904EEEF1F55CD2000C7BB2E /* Frameworks */ = {
			isa = PBXFrameworksBuildPhase;
			buildActionMask = 2147483647;
			files = (
			);
			runOnlyForDeploymentPostprocessing = 0;
		};
/* End PBXFrameworksBuildPhase section */

/* Begin PBXGroup section */
		2904EEE91F55CD2000C7BB2E = {
			isa = PBXGroup;
			children = (
				2904EEF41F55CD2000C7BB2E /* CA Layer App */,
				2904EEF31F55CD2000C7BB2E /* Products */,
			);
			sourceTree = "<group>";
		};
		2904EEF31F55CD2000C7BB2E /* Products */ = {
			isa = PBXGroup;
			children = (
				2904EEF21F55CD2000C7BB2E /* CA Layer App.app */,
			);
			name = Products;
			sourceTree = "<group>";
		};
		2904EEF41F55CD2000C7BB2E /* CA Layer App */ = {
			isa = PBXGroup;
			children = (
				2904EEF51F55CD2000C7BB2E /* AppDelegate.swift */,
				2904EEF71F55CD2000C7BB2E /* ViewController.swift */,
				2904EEF91F55CD2000C7BB2E /* Main.storyboard */,
				2904EEFC1F55CD2000C7BB2E /* Assets.xcassets */,
				2904EEFE1F55CD2000C7BB2E /* LaunchScreen.storyboard */,
				2904EF011F55CD2000C7BB2E /* Info.plist */,
			);
			path = "CA Layer App";
			sourceTree = "<group>";
		};
/* End PBXGroup section */

/* Begin PBXNativeTarget section */
		2904EEF11F55CD2000C7BB2E /* CA Layer App */ = {
			isa = PBXNativeTarget;
			buildConfigurationList = 2904EF041F55CD2000C7BB2E /* Build configuration list for PBXNativeTarget "CA Layer App" */;
			buildPhases = (
				2904EEEE1F55CD2000C7BB2E /* Sources */,
				2904EEEF1F55CD2000C7BB2E /* Frameworks */,
				2904EEF01F55CD2000C7BB2E /* Resources */,
			);
			buildRules = (
			);
			dependencies = (
			);
			name = "CA Layer App";
			productName = "CA Layer App";
			productReference = 2904EEF21F55CD2000C7BB2E /* CA Layer App.app */;
			productType = "com.apple.product-type.application";
		};
/* End PBXNativeTarget section */

/* Begin PBXProject section */
		2904EEEA1F55CD2000C7BB2E /* Project object */ = {
			isa = PBXProject;
			attributes = {
				LastSwiftUpdateCheck = 0900;
				LastUpgradeCheck = 0900;
				ORGANIZATIONNAME = "Cinard Digital Media Institute";
				TargetAttributes = {
					2904EEF11F55CD2000C7BB2E = {
						CreatedOnToolsVersion = 9.0;
						ProvisioningStyle = Automatic;
					};
				};
			};
			buildConfigurationList = 2904EEED1F55CD2000C7BB2E /* Build configuration list for PBXProject "CA Layer App" */;
			compatibilityVersion = "Xcode 8.0";
			developmentRegion = en;
			hasScannedForEncodings = 0;
			knownRegions = (
				en,
				Base,
			);
			mainGroup = 2904EEE91F55CD2000C7BB2E;
			productRefGroup = 2904EEF31F55CD2000C7BB2E /* Products */;
			projectDirPath = "";
			projectRoot = "";
			targets = (
				2904EEF11F55CD2000C7BB2E /* CA Layer App */,
			);
		};
/* End PBXProject section */

/* Begin PBXResourcesBuildPhase section */
		2904EEF01F55CD2000C7BB2E /* Resources */ = {
			isa = PBXResourcesBuildPhase;
			buildActionMask = 2147483647;
			files = (
				2904EF001F55CD2000C7BB2E /* LaunchScreen.storyboard in Resources */,
				2904EEFD1F55CD2000C7BB2E /* Assets.xcassets in Resources */,
				2904EEFB1F55CD2000C7BB2E /* Main.storyboard in Resources */,
			);
			runOnlyForDeploymentPostprocessing = 0;
		};
/* End PBXResourcesBuildPhase section */

/* Begin PBXSourcesBuildPhase section */
		2904EEEE1F55CD2000C7BB2E /* Sources */ = {
			isa = PBXSourcesBuildPhase;
			buildActionMask = 2147483647;
			files = (
				2904EEF81F55CD2000C7BB2E /* ViewController.swift in Sources */,
				2904EEF61F55CD2000C7BB2E /* AppDelegate.swift in Sources */,
			);
			runOnlyForDeploymentPostprocessing = 0;
		};
/* End PBXSourcesBuildPhase section */

/* Begin PBXVariantGroup section */
		2904EEF91F55CD2000C7BB2E /* Main.storyboard */ = {
			isa = PBXVariantGroup;
			children = (
				2904EEFA1F55CD2000C7BB2E /* Base */,
			);
			name = Main.storyboard;
			sourceTree = "<group>";
		};
		2904EEFE1F55CD2000C7BB2E /* LaunchScreen.storyboard */ = {
			isa = PBXVariantGroup;
			children = (
				2904EEFF1F55CD2000C7BB2E /* Base */,
			);
			name = LaunchScreen.storyboard;
			sourceTree = "<group>";
		};
/* End PBXVariantGroup section */

/* Begin XCBuildConfiguration section */
		2904EF021F55CD2000C7BB2E /* Debug */ = {
			isa = XCBuildConfiguration;
			buildSettings = {
				ALWAYS_SEARCH_USER_PATHS = NO;
				CLANG_ANALYZER_NONNULL = YES;
				CLANG_ANALYZER_NUMBER_OBJECT_CONVERSION = YES_AGGRESSIVE;
				CLANG_CXX_LANGUAGE_STANDARD = "gnu++14";
				CLANG_CXX_LIBRARY = "libc++";
				CLANG_ENABLE_MODULES = YES;
				CLANG_ENABLE_OBJC_ARC = YES;
				CLANG_WARN_BLOCK_CAPTURE_AUTORELEASING = YES;
				CLANG_WARN_BOOL_CONVERSION = YES;
				CLANG_WARN_COMMA = YES;
				CLANG_WARN_CONSTANT_CONVERSION = YES;
				CLANG_WARN_DIRECT_OBJC_ISA_USAGE = YES_ERROR;
				CLANG_WARN_DOCUMENTATION_COMMENTS = YES;
				CLANG_WARN_EMPTY_BODY = YES;
				CLANG_WARN_ENUM_CONVERSION = YES;
				CLANG_WARN_INFINITE_RECURSION = YES;
				CLANG_WARN_INT_CONVERSION = YES;
				CLANG_WARN_NON_LITERAL_NULL_CONVERSION = YES;
				CLANG_WARN_OBJC_LITERAL_CONVERSION = YES;
				CLANG_WARN_OBJC_ROOT_CLASS = YES_ERROR;
				CLANG_WARN_RANGE_LOOP_ANALYSIS = YES;
				CLANG_WARN_STRICT_PROTOTYPES = YES;
				CLANG_WARN_SUSPICIOUS_MOVE = YES;
				CLANG_WARN_UNGUARDED_AVAILABILITY = YES_AGGRESSIVE;
				CLANG_WARN_UNREACHABLE_CODE = YES;
				CLANG_WARN__DUPLICATE_METHOD_MATCH = YES;
				CODE_SIGN_IDENTITY = "iPhone Developer";
				COPY_PHASE_STRIP = NO;
				DEBUG_INFORMATION_FORMAT = dwarf;
				ENABLE_STRICT_OBJC_MSGSEND = YES;
				ENABLE_TESTABILITY = YES;
				GCC_C_LANGUAGE_STANDARD = gnu11;
				GCC_DYNAMIC_NO_PIC = NO;
				GCC_NO_COMMON_BLOCKS = YES;
				GCC_OPTIMIZATION_LEVEL = 0;
				GCC_PREPROCESSOR_DEFINITIONS = (
					"DEBUG=1",
					"$(inherited)",
				);
				GCC_WARN_64_TO_32_BIT_CONVERSION = YES;
				GCC_WARN_ABOUT_RETURN_TYPE = YES_ERROR;
				GCC_WARN_UNDECLARED_SELECTOR = YES;
				GCC_WARN_UNINITIALIZED_AUTOS = YES_AGGRESSIVE;
				GCC_WARN_UNUSED_FUNCTION = YES;
				GCC_WARN_UNUSED_VARIABLE = YES;
				IPHONEOS_DEPLOYMENT_TARGET = 11.0;
				MTL_ENABLE_DEBUG_INFO = YES;
				ONLY_ACTIVE_ARCH = YES;
				SDKROOT = iphoneos;
				SWIFT_ACTIVE_COMPILATION_CONDITIONS = DEBUG;
				SWIFT_OPTIMIZATION_LEVEL = "-Onone";
			};
			name = Debug;
		};
		2904EF031F55CD2000C7BB2E /* Release */ = {
			isa = XCBuildConfiguration;
			buildSettings = {
				ALWAYS_SEARCH_USER_PATHS = NO;
				CLANG_ANALYZER_NONNULL = YES;
				CLANG_ANALYZER_NUMBER_OBJECT_CONVERSION = YES_AGGRESSIVE;
				CLANG_CXX_LANGUAGE_STANDARD = "gnu++14";
				CLANG_CXX_LIBRARY = "libc++";
				CLANG_ENABLE_MODULES = YES;
				CLANG_ENABLE_OBJC_ARC = YES;
				CLANG_WARN_BLOCK_CAPTURE_AUTORELEASING = YES;
				CLANG_WARN_BOOL_CONVERSION = YES;
				CLANG_WARN_COMMA = YES;
				CLANG_WARN_CONSTANT_CONVERSION = YES;
				CLANG_WARN_DIRECT_OBJC_ISA_USAGE = YES_ERROR;
				CLANG_WARN_DOCUMENTATION_COMMENTS = YES;
				CLANG_WARN_EMPTY_BODY = YES;
				CLANG_WARN_ENUM_CONVERSION = YES;
				CLANG_WARN_INFINITE_RECURSION = YES;
				CLANG_WARN_INT_CONVERSION = YES;
				CLANG_WARN_NON_LITERAL_NULL_CONVERSION = YES;
				CLANG_WARN_OBJC_LITERAL_CONVERSION = YES;
				CLANG_WARN_OBJC_ROOT_CLASS = YES_ERROR;
				CLANG_WARN_RANGE_LOOP_ANALYSIS = YES;
				CLANG_WARN_STRICT_PROTOTYPES = YES;
				CLANG_WARN_SUSPICIOUS_MOVE = YES;
				CLANG_WARN_UNGUARDED_AVAILABILITY = YES_AGGRESSIVE;
				CLANG_WARN_UNREACHABLE_CODE = YES;
				CLANG_WARN__DUPLICATE_METHOD_MATCH = YES;
				CODE_SIGN_IDENTITY = "iPhone Developer";
				COPY_PHASE_STRIP = NO;
				DEBUG_INFORMATION_FORMAT = "dwarf-with-dsym";
				ENABLE_NS_ASSERTIONS = NO;
				ENABLE_STRICT_OBJC_MSGSEND = YES;
				GCC_C_LANGUAGE_STANDARD = gnu11;
				GCC_NO_COMMON_BLOCKS = YES;
				GCC_WARN_64_TO_32_BIT_CONVERSION = YES;
				GCC_WARN_ABOUT_RETURN_TYPE = YES_ERROR;
				GCC_WARN_UNDECLARED_SELECTOR = YES;
				GCC_WARN_UNINITIALIZED_AUTOS = YES_AGGRESSIVE;
				GCC_WARN_UNUSED_FUNCTION = YES;
				GCC_WARN_UNUSED_VARIABLE = YES;
				IPHONEOS_DEPLOYMENT_TARGET = 11.0;
				MTL_ENABLE_DEBUG_INFO = NO;
				SDKROOT = iphoneos;
				SWIFT_OPTIMIZATION_LEVEL = "-Owholemodule";
				VALIDATE_PRODUCT = YES;
			};
			name = Release;
		};
		2904EF051F55CD2000C7BB2E /* Debug */ = {
			isa = XCBuildConfiguration;
			buildSettings = {
				ASSETCATALOG_COMPILER_APPICON_NAME = AppIcon;
				CODE_SIGN_STYLE = Automatic;
				DEVELOPMENT_TEAM = K5PX54PSAX;
				INFOPLIST_FILE = "CA Layer App/Info.plist";
				LD_RUNPATH_SEARCH_PATHS = "$(inherited) @executable_path/Frameworks";
				PRODUCT_BUNDLE_IDENTIFIER = "cinard.ca.CA-Layer-App";
				PRODUCT_NAME = "$(TARGET_NAME)";
				SWIFT_VERSION = 4.0;
				TARGETED_DEVICE_FAMILY = "1,2";
			};
			name = Debug;
		};
		2904EF061F55CD2000C7BB2E /* Release */ = {
			isa = XCBuildConfiguration;
			buildSettings = {
				ASSETCATALOG_COMPILER_APPICON_NAME = AppIcon;
				CODE_SIGN_STYLE = Automatic;
				DEVELOPMENT_TEAM = K5PX54PSAX;
				INFOPLIST_FILE = "CA Layer App/Info.plist";
				LD_RUNPATH_SEARCH_PATHS = "$(inherited) @executable_path/Frameworks";
				PRODUCT_BUNDLE_IDENTIFIER = "cinard.ca.CA-Layer-App";
				PRODUCT_NAME = "$(TARGET_NAME)";
				SWIFT_VERSION = 4.0;
				TARGETED_DEVICE_FAMILY = "1,2";
			};
			name = Release;
		};
/* End XCBuildConfiguration section */

/* Begin XCConfigurationList section */
		2904EEED1F55CD2000C7BB2E /* Build configuration list for PBXProject "CA Layer App" */ = {
			isa = XCConfigurationList;
			buildConfigurations = (
				2904EF021F55CD2000C7BB2E /* Debug */,
				2904EF031F55CD2000C7BB2E /* Release */,
			);
			defaultConfigurationIsVisible = 0;
			defaultConfigurationName = Release;
		};
		2904EF041F55CD2000C7BB2E /* Build configuration list for PBXNativeTarget "CA Layer App" */ = {
			isa = XCConfigurationList;
			buildConfigurations = (
				2904EF051F55CD2000C7BB2E /* Debug */,
				2904EF061F55CD2000C7BB2E /* Release */,
			);
			defaultConfigurationIsVisible = 0;
			defaultConfigurationName = Release;
		};
/* End XCConfigurationList section */
	};
	rootObject = 2904EEEA1F55CD2000C7BB2E /* Project object */;
}
